// !$*UTF8*$!
{
	archiveVersion = 1;
	classes = {
	};
	objectVersion = 51;
	objects = {

/* Begin PBXBuildFile section */
		E6859C30C315CE4FE3D9E97A /* Pods_LikeAnimation.framework in Frameworks */ = {isa = PBXBuildFile; fileRef = 806C25476774A1A5B2C3165D /* Pods_LikeAnimation.framework */; };
		E90D43B0246AD5BF00AEBAEB /* ColorView.swift in Sources */ = {isa = PBXBuildFile; fileRef = E90D43AF246AD5BF00AEBAEB /* ColorView.swift */; };
		E9D1DF192469501B00785135 /* AppDelegate.swift in Sources */ = {isa = PBXBuildFile; fileRef = E9D1DF182469501B00785135 /* AppDelegate.swift */; };
		E9D1DF1B2469501B00785135 /* SceneDelegate.swift in Sources */ = {isa = PBXBuildFile; fileRef = E9D1DF1A2469501B00785135 /* SceneDelegate.swift */; };
		E9D1DF1D2469501B00785135 /* ViewController.swift in Sources */ = {isa = PBXBuildFile; fileRef = E9D1DF1C2469501B00785135 /* ViewController.swift */; };
		E9D1DF202469501B00785135 /* Main.storyboard in Resources */ = {isa = PBXBuildFile; fileRef = E9D1DF1E2469501B00785135 /* Main.storyboard */; };
		E9D1DF222469501C00785135 /* Assets.xcassets in Resources */ = {isa = PBXBuildFile; fileRef = E9D1DF212469501C00785135 /* Assets.xcassets */; };
		E9D1DF252469501C00785135 /* LaunchScreen.storyboard in Resources */ = {isa = PBXBuildFile; fileRef = E9D1DF232469501C00785135 /* LaunchScreen.storyboard */; };
		E9D1DF2D2469507300785135 /* LikeView.swift in Sources */ = {isa = PBXBuildFile; fileRef = E9D1DF2C2469507300785135 /* LikeView.swift */; };
/* End PBXBuildFile section */

/* Begin PBXFileReference section */
		11AE752EFF61CC43A0158DAB /* Pods-LikeAnimation.release.xcconfig */ = {isa = PBXFileReference; includeInIndex = 1; lastKnownFileType = text.xcconfig; name = "Pods-LikeAnimation.release.xcconfig"; path = "Target Support Files/Pods-LikeAnimation/Pods-LikeAnimation.release.xcconfig"; sourceTree = "<group>"; };
		806C25476774A1A5B2C3165D /* Pods_LikeAnimation.framework */ = {isa = PBXFileReference; explicitFileType = wrapper.framework; includeInIndex = 0; path = Pods_LikeAnimation.framework; sourceTree = BUILT_PRODUCTS_DIR; };
		AA0390BECA28933E8FD3ECB2 /* Pods-LikeAnimation.debug.xcconfig */ = {isa = PBXFileReference; includeInIndex = 1; lastKnownFileType = text.xcconfig; name = "Pods-LikeAnimation.debug.xcconfig"; path = "Target Support Files/Pods-LikeAnimation/Pods-LikeAnimation.debug.xcconfig"; sourceTree = "<group>"; };
		E90D43AF246AD5BF00AEBAEB /* ColorView.swift */ = {isa = PBXFileReference; lastKnownFileType = sourcecode.swift; path = ColorView.swift; sourceTree = "<group>"; };
		E9D1DF152469501B00785135 /* LikeAnimation.app */ = {isa = PBXFileReference; explicitFileType = wrapper.application; includeInIndex = 0; path = LikeAnimation.app; sourceTree = BUILT_PRODUCTS_DIR; };
		E9D1DF182469501B00785135 /* AppDelegate.swift */ = {isa = PBXFileReference; lastKnownFileType = sourcecode.swift; path = AppDelegate.swift; sourceTree = "<group>"; };
		E9D1DF1A2469501B00785135 /* SceneDelegate.swift */ = {isa = PBXFileReference; lastKnownFileType = sourcecode.swift; path = SceneDelegate.swift; sourceTree = "<group>"; };
		E9D1DF1C2469501B00785135 /* ViewController.swift */ = {isa = PBXFileReference; lastKnownFileType = sourcecode.swift; path = ViewController.swift; sourceTree = "<group>"; };
		E9D1DF1F2469501B00785135 /* Base */ = {isa = PBXFileReference; lastKnownFileType = file.storyboard; name = Base; path = Base.lproj/Main.storyboard; sourceTree = "<group>"; };
		E9D1DF212469501C00785135 /* Assets.xcassets */ = {isa = PBXFileReference; lastKnownFileType = folder.assetcatalog; path = Assets.xcassets; sourceTree = "<group>"; };
		E9D1DF242469501C00785135 /* Base */ = {isa = PBXFileReference; lastKnownFileType = file.storyboard; name = Base; path = Base.lproj/LaunchScreen.storyboard; sourceTree = "<group>"; };
		E9D1DF262469501C00785135 /* Info.plist */ = {isa = PBXFileReference; lastKnownFileType = text.plist.xml; path = Info.plist; sourceTree = "<group>"; };
		E9D1DF2C2469507300785135 /* LikeView.swift */ = {isa = PBXFileReference; lastKnownFileType = sourcecode.swift; path = LikeView.swift; sourceTree = "<group>"; };
/* End PBXFileReference section */

/* Begin PBXFrameworksBuildPhase section */
		E9D1DF122469501B00785135 /* Frameworks */ = {
			isa = PBXFrameworksBuildPhase;
			buildActionMask = 2147483647;
			files = (
				E6859C30C315CE4FE3D9E97A /* Pods_LikeAnimation.framework in Frameworks */,
			);
			runOnlyForDeploymentPostprocessing = 0;
		};
/* End PBXFrameworksBuildPhase section */

/* Begin PBXGroup section */
		6B075BFC0B6B77589EF3A16F /* Frameworks */ = {
			isa = PBXGroup;
			children = (
				806C25476774A1A5B2C3165D /* Pods_LikeAnimation.framework */,
			);
			name = Frameworks;
			sourceTree = "<group>";
		};
		8C4EC14AB3576B36A0AC29D3 /* Pods */ = {
			isa = PBXGroup;
			children = (
				AA0390BECA28933E8FD3ECB2 /* Pods-LikeAnimation.debug.xcconfig */,
				11AE752EFF61CC43A0158DAB /* Pods-LikeAnimation.release.xcconfig */,
			);
			path = Pods;
			sourceTree = "<group>";
		};
		E9D1DF0C2469501B00785135 = {
			isa = PBXGroup;
			children = (
				E9D1DF172469501B00785135 /* LikeAnimation */,
				E9D1DF162469501B00785135 /* Products */,
				8C4EC14AB3576B36A0AC29D3 /* Pods */,
				6B075BFC0B6B77589EF3A16F /* Frameworks */,
			);
			sourceTree = "<group>";
		};
		E9D1DF162469501B00785135 /* Products */ = {
			isa = PBXGroup;
			children = (
				E9D1DF152469501B00785135 /* LikeAnimation.app */,
			);
			name = Products;
			sourceTree = "<group>";
		};
		E9D1DF172469501B00785135 /* LikeAnimation */ = {
			isa = PBXGroup;
			children = (
				E9D1DF182469501B00785135 /* AppDelegate.swift */,
				E9D1DF1A2469501B00785135 /* SceneDelegate.swift */,
				E9D1DF1C2469501B00785135 /* ViewController.swift */,
				E9D1DF1E2469501B00785135 /* Main.storyboard */,
				E9D1DF212469501C00785135 /* Assets.xcassets */,
				E9D1DF232469501C00785135 /* LaunchScreen.storyboard */,
				E9D1DF262469501C00785135 /* Info.plist */,
				E9D1DF2C2469507300785135 /* LikeView.swift */,
				E90D43AF246AD5BF00AEBAEB /* ColorView.swift */,
			);
			path = LikeAnimation;
			sourceTree = "<group>";
		};
/* End PBXGroup section */

/* Begin PBXNativeTarget section */
		E9D1DF142469501B00785135 /* LikeAnimation */ = {
			isa = PBXNativeTarget;
			buildConfigurationList = E9D1DF292469501C00785135 /* Build configuration list for PBXNativeTarget "LikeAnimation" */;
			buildPhases = (
				D801770104A3F160D0AFA8EA /* [CP] Check Pods Manifest.lock */,
				E9D1DF112469501B00785135 /* Sources */,
				E9D1DF122469501B00785135 /* Frameworks */,
				E9D1DF132469501B00785135 /* Resources */,
				C41F33C9FE54AF962438081E /* [CP] Embed Pods Frameworks */,
			);
			buildRules = (
			);
			dependencies = (
			);
			name = LikeAnimation;
			productName = LikeAnimation;
			productReference = E9D1DF152469501B00785135 /* LikeAnimation.app */;
			productType = "com.apple.product-type.application";
		};
/* End PBXNativeTarget section */

/* Begin PBXProject section */
		E9D1DF0D2469501B00785135 /* Project object */ = {
			isa = PBXProject;
			attributes = {
				LastSwiftUpdateCheck = 1140;
				LastUpgradeCheck = 1140;
				ORGANIZATIONNAME = "Pavel Vaitsikhouski";
				TargetAttributes = {
					E9D1DF142469501B00785135 = {
						CreatedOnToolsVersion = 11.4.1;
					};
				};
			};
			buildConfigurationList = E9D1DF102469501B00785135 /* Build configuration list for PBXProject "LikeAnimation" */;
			compatibilityVersion = "Xcode 9.3";
			developmentRegion = en;
			hasScannedForEncodings = 0;
			knownRegions = (
				en,
				Base,
			);
			mainGroup = E9D1DF0C2469501B00785135;
			productRefGroup = E9D1DF162469501B00785135 /* Products */;
			projectDirPath = "";
			projectRoot = "";
			targets = (
				E9D1DF142469501B00785135 /* LikeAnimation */,
			);
		};
/* End PBXProject section */

/* Begin PBXResourcesBuildPhase section */
		E9D1DF132469501B00785135 /* Resources */ = {
			isa = PBXResourcesBuildPhase;
			buildActionMask = 2147483647;
			files = (
				E9D1DF252469501C00785135 /* LaunchScreen.storyboard in Resources */,
				E9D1DF222469501C00785135 /* Assets.xcassets in Resources */,
				E9D1DF202469501B00785135 /* Main.storyboard in Resources */,
			);
			runOnlyForDeploymentPostprocessing = 0;
		};
/* End PBXResourcesBuildPhase section */

/* Begin PBXShellScriptBuildPhase section */
		C41F33C9FE54AF962438081E /* [CP] Embed Pods Frameworks */ = {
			isa = PBXShellScriptBuildPhase;
			buildActionMask = 2147483647;
			files = (
			);
			inputFileListPaths = (
				"${PODS_ROOT}/Target Support Files/Pods-LikeAnimation/Pods-LikeAnimation-frameworks-${CONFIGURATION}-input-files.xcfilelist",
			);
			name = "[CP] Embed Pods Frameworks";
			outputFileListPaths = (
				"${PODS_ROOT}/Target Support Files/Pods-LikeAnimation/Pods-LikeAnimation-frameworks-${CONFIGURATION}-output-files.xcfilelist",
			);
			runOnlyForDeploymentPostprocessing = 0;
			shellPath = /bin/sh;
			shellScript = "\"${PODS_ROOT}/Target Support Files/Pods-LikeAnimation/Pods-LikeAnimation-frameworks.sh\"\n";
			showEnvVarsInLog = 0;
		};
		D801770104A3F160D0AFA8EA /* [CP] Check Pods Manifest.lock */ = {
			isa = PBXShellScriptBuildPhase;
			buildActionMask = 2147483647;
			files = (
			);
			inputFileListPaths = (
			);
			inputPaths = (
				"${PODS_PODFILE_DIR_PATH}/Podfile.lock",
				"${PODS_ROOT}/Manifest.lock",
			);
			name = "[CP] Check Pods Manifest.lock";
			outputFileListPaths = (
			);
			outputPaths = (
				"$(DERIVED_FILE_DIR)/Pods-LikeAnimation-checkManifestLockResult.txt",
			);
			runOnlyForDeploymentPostprocessing = 0;
			shellPath = /bin/sh;
			shellScript = "diff \"${PODS_PODFILE_DIR_PATH}/Podfile.lock\" \"${PODS_ROOT}/Manifest.lock\" > /dev/null\nif [ $? != 0 ] ; then\n    # print error to STDERR\n    echo \"error: The sandbox is not in sync with the Podfile.lock. Run 'pod install' or update your CocoaPods installation.\" >&2\n    exit 1\nfi\n# This output is used by Xcode 'outputs' to avoid re-running this script phase.\necho \"SUCCESS\" > \"${SCRIPT_OUTPUT_FILE_0}\"\n";
			showEnvVarsInLog = 0;
		};
/* End PBXShellScriptBuildPhase section */

/* Begin PBXSourcesBuildPhase section */
		E9D1DF112469501B00785135 /* Sources */ = {
			isa = PBXSourcesBuildPhase;
			buildActionMask = 2147483647;
			files = (
				E9D1DF1D2469501B00785135 /* ViewController.swift in Sources */,
				E9D1DF2D2469507300785135 /* LikeView.swift in Sources */,
				E9D1DF192469501B00785135 /* AppDelegate.swift in Sources */,
				E9D1DF1B2469501B00785135 /* SceneDelegate.swift in Sources */,
				E90D43B0246AD5BF00AEBAEB /* ColorView.swift in Sources */,
			);
			runOnlyForDeploymentPostprocessing = 0;
		};
/* End PBXSourcesBuildPhase section */

/* Begin PBXVariantGroup section */
		E9D1DF1E2469501B00785135 /* Main.storyboard */ = {
			isa = PBXVariantGroup;
			children = (
				E9D1DF1F2469501B00785135 /* Base */,
			);
			name = Main.storyboard;
			sourceTree = "<group>";
		};
		E9D1DF232469501C00785135 /* LaunchScreen.storyboard */ = {
			isa = PBXVariantGroup;
			children = (
				E9D1DF242469501C00785135 /* Base */,
			);
			name = LaunchScreen.storyboard;
			sourceTree = "<group>";
		};
/* End PBXVariantGroup section */

/* Begin XCBuildConfiguration section */
		E9D1DF272469501C00785135 /* Debug */ = {
			isa = XCBuildConfiguration;
			buildSettings = {
				ALWAYS_SEARCH_USER_PATHS = NO;
				CLANG_ANALYZER_NONNULL = YES;
				CLANG_ANALYZER_NUMBER_OBJECT_CONVERSION = YES_AGGRESSIVE;
				CLANG_CXX_LANGUAGE_STANDARD = "gnu++14";
				CLANG_CXX_LIBRARY = "libc++";
				CLANG_ENABLE_MODULES = YES;
				CLANG_ENABLE_OBJC_ARC = YES;
				CLANG_ENABLE_OBJC_WEAK = YES;
				CLANG_WARN_BLOCK_CAPTURE_AUTORELEASING = YES;
				CLANG_WARN_BOOL_CONVERSION = YES;
				CLANG_WARN_COMMA = YES;
				CLANG_WARN_CONSTANT_CONVERSION = YES;
				CLANG_WARN_DEPRECATED_OBJC_IMPLEMENTATIONS = YES;
				CLANG_WARN_DIRECT_OBJC_ISA_USAGE = YES_ERROR;
				CLANG_WARN_DOCUMENTATION_COMMENTS = YES;
				CLANG_WARN_EMPTY_BODY = YES;
				CLANG_WARN_ENUM_CONVERSION = YES;
				CLANG_WARN_INFINITE_RECURSION = YES;
				CLANG_WARN_INT_CONVERSION = YES;
				CLANG_WARN_NON_LITERAL_NULL_CONVERSION = YES;
				CLANG_WARN_OBJC_IMPLICIT_RETAIN_SELF = YES;
				CLANG_WARN_OBJC_LITERAL_CONVERSION = YES;
				CLANG_WARN_OBJC_ROOT_CLASS = YES_ERROR;
				CLANG_WARN_RANGE_LOOP_ANALYSIS = YES;
				CLANG_WARN_STRICT_PROTOTYPES = YES;
				CLANG_WARN_SUSPICIOUS_MOVE = YES;
				CLANG_WARN_UNGUARDED_AVAILABILITY = YES_AGGRESSIVE;
				CLANG_WARN_UNREACHABLE_CODE = YES;
				CLANG_WARN__DUPLICATE_METHOD_MATCH = YES;
				COPY_PHASE_STRIP = NO;
				DEBUG_INFORMATION_FORMAT = dwarf;
				ENABLE_STRICT_OBJC_MSGSEND = YES;
				ENABLE_TESTABILITY = YES;
				GCC_C_LANGUAGE_STANDARD = gnu11;
				GCC_DYNAMIC_NO_PIC = NO;
				GCC_NO_COMMON_BLOCKS = YES;
				GCC_OPTIMIZATION_LEVEL = 0;
				GCC_PREPROCESSOR_DEFINITIONS = (
					"DEBUG=1",
					"$(inherited)",
				);
				GCC_WARN_64_TO_32_BIT_CONVERSION = YES;
				GCC_WARN_ABOUT_RETURN_TYPE = YES_ERROR;
				GCC_WARN_UNDECLARED_SELECTOR = YES;
				GCC_WARN_UNINITIALIZED_AUTOS = YES_AGGRESSIVE;
				GCC_WARN_UNUSED_FUNCTION = YES;
				GCC_WARN_UNUSED_VARIABLE = YES;
				IPHONEOS_DEPLOYMENT_TARGET = 13.4;
				MTL_ENABLE_DEBUG_INFO = INCLUDE_SOURCE;
				MTL_FAST_MATH = YES;
				ONLY_ACTIVE_ARCH = YES;
				SDKROOT = iphoneos;
				SWIFT_ACTIVE_COMPILATION_CONDITIONS = DEBUG;
				SWIFT_OPTIMIZATION_LEVEL = "-Onone";
			};
			name = Debug;
		};
		E9D1DF282469501C00785135 /* Release */ = {
			isa = XCBuildConfiguration;
			buildSettings = {
				ALWAYS_SEARCH_USER_PATHS = NO;
				CLANG_ANALYZER_NONNULL = YES;
				CLANG_ANALYZER_NUMBER_OBJECT_CONVERSION = YES_AGGRESSIVE;
				CLANG_CXX_LANGUAGE_STANDARD = "gnu++14";
				CLANG_CXX_LIBRARY = "libc++";
				CLANG_ENABLE_MODULES = YES;
				CLANG_ENABLE_OBJC_ARC = YES;
				CLANG_ENABLE_OBJC_WEAK = YES;
				CLANG_WARN_BLOCK_CAPTURE_AUTORELEASING = YES;
				CLANG_WARN_BOOL_CONVERSION = YES;
				CLANG_WARN_COMMA = YES;
				CLANG_WARN_CONSTANT_CONVERSION = YES;
				CLANG_WARN_DEPRECATED_OBJC_IMPLEMENTATIONS = YES;
				CLANG_WARN_DIRECT_OBJC_ISA_USAGE = YES_ERROR;
				CLANG_WARN_DOCUMENTATION_COMMENTS = YES;
				CLANG_WARN_EMPTY_BODY = YES;
				CLANG_WARN_ENUM_CONVERSION = YES;
				CLANG_WARN_INFINITE_RECURSION = YES;
				CLANG_WARN_INT_CONVERSION = YES;
				CLANG_WARN_NON_LITERAL_NULL_CONVERSION = YES;
				CLANG_WARN_OBJC_IMPLICIT_RETAIN_SELF = YES;
				CLANG_WARN_OBJC_LITERAL_CONVERSION = YES;
				CLANG_WARN_OBJC_ROOT_CLASS = YES_ERROR;
				CLANG_WARN_RANGE_LOOP_ANALYSIS = YES;
				CLANG_WARN_STRICT_PROTOTYPES = YES;
				CLANG_WARN_SUSPICIOUS_MOVE = YES;
				CLANG_WARN_UNGUARDED_AVAILABILITY = YES_AGGRESSIVE;
				CLANG_WARN_UNREACHABLE_CODE = YES;
				CLANG_WARN__DUPLICATE_METHOD_MATCH = YES;
				COPY_PHASE_STRIP = NO;
				DEBUG_INFORMATION_FORMAT = "dwarf-with-dsym";
				ENABLE_NS_ASSERTIONS = NO;
				ENABLE_STRICT_OBJC_MSGSEND = YES;
				GCC_C_LANGUAGE_STANDARD = gnu11;
				GCC_NO_COMMON_BLOCKS = YES;
				GCC_WARN_64_TO_32_BIT_CONVERSION = YES;
				GCC_WARN_ABOUT_RETURN_TYPE = YES_ERROR;
				GCC_WARN_UNDECLARED_SELECTOR = YES;
				GCC_WARN_UNINITIALIZED_AUTOS = YES_AGGRESSIVE;
				GCC_WARN_UNUSED_FUNCTION = YES;
				GCC_WARN_UNUSED_VARIABLE = YES;
				IPHONEOS_DEPLOYMENT_TARGET = 13.4;
				MTL_ENABLE_DEBUG_INFO = NO;
				MTL_FAST_MATH = YES;
				SDKROOT = iphoneos;
				SWIFT_COMPILATION_MODE = wholemodule;
				SWIFT_OPTIMIZATION_LEVEL = "-O";
				VALIDATE_PRODUCT = YES;
			};
			name = Release;
		};
		E9D1DF2A2469501C00785135 /* Debug */ = {
			isa = XCBuildConfiguration;
			baseConfigurationReference = AA0390BECA28933E8FD3ECB2 /* Pods-LikeAnimation.debug.xcconfig */;
			buildSettings = {
				ASSETCATALOG_COMPILER_APPICON_NAME = AppIcon;
				CODE_SIGN_STYLE = Automatic;
				DEVELOPMENT_TEAM = D39D28Y5QZ;
				INFOPLIST_FILE = LikeAnimation/Info.plist;
				LD_RUNPATH_SEARCH_PATHS = (
					"$(inherited)",
					"@executable_path/Frameworks",
				);
				PRODUCT_BUNDLE_IDENTIFIER = vpaveldm.LikeAnimation;
				PRODUCT_NAME = "$(TARGET_NAME)";
				SWIFT_VERSION = 5.0;
				TARGETED_DEVICE_FAMILY = "1,2";
			};
			name = Debug;
		};
		E9D1DF2B2469501C00785135 /* Release */ = {
			isa = XCBuildConfiguration;
			baseConfigurationReference = 11AE752EFF61CC43A0158DAB /* Pods-LikeAnimation.release.xcconfig */;
			buildSettings = {
				ASSETCATALOG_COMPILER_APPICON_NAME = AppIcon;
				CODE_SIGN_STYLE = Automatic;
				DEVELOPMENT_TEAM = D39D28Y5QZ;
				INFOPLIST_FILE = LikeAnimation/Info.plist;
				LD_RUNPATH_SEARCH_PATHS = (
					"$(inherited)",
					"@executable_path/Frameworks",
				);
				PRODUCT_BUNDLE_IDENTIFIER = vpaveldm.LikeAnimation;
				PRODUCT_NAME = "$(TARGET_NAME)";
				SWIFT_VERSION = 5.0;
				TARGETED_DEVICE_FAMILY = "1,2";
			};
			name = Release;
		};
/* End XCBuildConfiguration section */

/* Begin XCConfigurationList section */
		E9D1DF102469501B00785135 /* Build configuration list for PBXProject "LikeAnimation" */ = {
			isa = XCConfigurationList;
			buildConfigurations = (
				E9D1DF272469501C00785135 /* Debug */,
				E9D1DF282469501C00785135 /* Release */,
			);
			defaultConfigurationIsVisible = 0;
			defaultConfigurationName = Release;
		};
		E9D1DF292469501C00785135 /* Build configuration list for PBXNativeTarget "LikeAnimation" */ = {
			isa = XCConfigurationList;
			buildConfigurations = (
				E9D1DF2A2469501C00785135 /* Debug */,
				E9D1DF2B2469501C00785135 /* Release */,
			);
			defaultConfigurationIsVisible = 0;
			defaultConfigurationName = Release;
		};
/* End XCConfigurationList section */
	};
	rootObject = E9D1DF0D2469501B00785135 /* Project object */;
}
